
Microsoft Visual Studio Solution File, Format Version 12.00
# Visual Studio Version 17
VisualStudioVersion = 17.10.35013.160
MinimumVisualStudioVersion = 10.0.40219.1
Project("{FAE04EC0-301F-11D3-BF4B-00C04F79EFBC}") = "Su.WPF.Test", "Su.WPF.Test\Su.WPF.Test.csproj", "{BDECFB92-9D0A-A8DF-5464-A3528AD19A6C}"
EndProject
Project("{FAE04EC0-301F-11D3-BF4B-00C04F79EFBC}") = "Su.WPF.TreeViewEx", "Su.WPF.TreeViewEx\Su.WPF.TreeViewEx.csproj", "{392F251B-0232-F660-0995-DFCDF9D4FA51}"
EndProject
Global
	GlobalSection(SolutionConfigurationPlatforms) = preSolution
		Debug|Any CPU = Debug|Any CPU
		Release|Any CPU = Release|Any CPU
	EndGlobalSection
	GlobalSection(ProjectConfigurationPlatforms) = postSolution
		{BDECFB92-9D0A-A8DF-5464-A3528AD19A6C}.Debug|Any CPU.ActiveCfg = Debug|Any CPU
		{BDECFB92-9D0A-A8DF-5464-A3528AD19A6C}.Debug|Any CPU.Build.0 = Debug|Any CPU
		{BDECFB92-9D0A-A8DF-5464-A3528AD19A6C}.Release|Any CPU.ActiveCfg = Release|Any CPU
		{BDECFB92-9D0A-A8DF-5464-A3528AD19A6C}.Release|Any CPU.Build.0 = Release|Any CPU
		{392F251B-0232-F660-0995-DFCDF9D4FA51}.Debug|Any CPU.ActiveCfg = Debug|Any CPU
		{392F251B-0232-F660-0995-DFCDF9D4FA51}.Debug|Any CPU.Build.0 = Debug|Any CPU
		{392F251B-0232-F660-0995-DFCDF9D4FA51}.Release|Any CPU.ActiveCfg = Release|Any CPU
		{392F251B-0232-F660-0995-DFCDF9D4FA51}.Release|Any CPU.Build.0 = Release|Any CPU
	EndGlobalSection
	GlobalSection(SolutionProperties) = preSolution
		HideSolutionNode = FALSE
	EndGlobalSection
	GlobalSection(ExtensibilityGlobals) = postSolution
		SolutionGuid = {28E47734-DF34-4D5D-9E84-79E1471A52EE}
	EndGlobalSection
EndGlobal
